
Microsoft Visual Studio Solution File, Format Version 12.00
# Visual Studio 15
VisualStudioVersion = 15.0.28307.271
MinimumVisualStudioVersion = 10.0.40219.1
Project("{FAE04EC0-301F-11D3-BF4B-00C04F79EFBC}") = "SportsStore.Domain", "SportsStore.Domain\SportsStore.Domain.csproj", "{29CB60AE-39CA-4B22-A429-112485EE48F8}"
EndProject
Project("{FAE04EC0-301F-11D3-BF4B-00C04F79EFBC}") = "SportsStore.WebUI", "SportsStore.WebUI\SportsStore.WebUI.csproj", "{0647BC71-CD6C-4439-A8B1-5EF540991168}"
EndProject
Project("{FAE04EC0-301F-11D3-BF4B-00C04F79EFBC}") = "SportsStore.UnitTests", "SportsStore.UnitTests\SportsStore.UnitTests.csproj", "{13AFF329-037B-4A02-B306-1BE778D55613}"
EndProject
Global
	GlobalSection(SolutionConfigurationPlatforms) = preSolution
		Debug|Any CPU = Debug|Any CPU
		Release|Any CPU = Release|Any CPU
	EndGlobalSection
	GlobalSection(ProjectConfigurationPlatforms) = postSolution
		{29CB60AE-39CA-4B22-A429-112485EE48F8}.Debug|Any CPU.ActiveCfg = Debug|Any CPU
		{29CB60AE-39CA-4B22-A429-112485EE48F8}.Debug|Any CPU.Build.0 = Debug|Any CPU
		{29CB60AE-39CA-4B22-A429-112485EE48F8}.Release|Any CPU.ActiveCfg = Release|Any CPU
		{29CB60AE-39CA-4B22-A429-112485EE48F8}.Release|Any CPU.Build.0 = Release|Any CPU
		{0647BC71-CD6C-4439-A8B1-5EF540991168}.Debug|Any CPU.ActiveCfg = Debug|Any CPU
		{0647BC71-CD6C-4439-A8B1-5EF540991168}.Debug|Any CPU.Build.0 = Debug|Any CPU
		{0647BC71-CD6C-4439-A8B1-5EF540991168}.Release|Any CPU.ActiveCfg = Release|Any CPU
		{0647BC71-CD6C-4439-A8B1-5EF540991168}.Release|Any CPU.Build.0 = Release|Any CPU
		{13AFF329-037B-4A02-B306-1BE778D55613}.Debug|Any CPU.ActiveCfg = Debug|Any CPU
		{13AFF329-037B-4A02-B306-1BE778D55613}.Debug|Any CPU.Build.0 = Debug|Any CPU
		{13AFF329-037B-4A02-B306-1BE778D55613}.Release|Any CPU.ActiveCfg = Release|Any CPU
		{13AFF329-037B-4A02-B306-1BE778D55613}.Release|Any CPU.Build.0 = Release|Any CPU
	EndGlobalSection
	GlobalSection(SolutionProperties) = preSolution
		HideSolutionNode = FALSE
	EndGlobalSection
	GlobalSection(ExtensibilityGlobals) = postSolution
		SolutionGuid = {AB62A923-214D-401F-8A4D-7E9FC875961B}
	EndGlobalSection
EndGlobal
